
Microsoft Visual Studio Solution File, Format Version 12.00
# Visual Studio Version 17
VisualStudioVersion = 17.11.35312.102
MinimumVisualStudioVersion = 10.0.40219.1
Project("{FAE04EC0-301F-11D3-BF4B-00C04F79EFBC}") = "Tumakov_lab6", "Tumakov_lab6\Tumakov_lab6.csproj", "{E1C01BB3-8D2E-4024-9051-DC9E36603D01}"
EndProject
Project("{FAE04EC0-301F-11D3-BF4B-00C04F79EFBC}") = "TasksFromFile5", "TasksFromFile5\TasksFromFile5.csproj", "{03AC833E-54DF-4B38-B871-CE13B8C981C1}"
EndProject
Global
	GlobalSection(SolutionConfigurationPlatforms) = preSolution
		Debug|Any CPU = Debug|Any CPU
		Release|Any CPU = Release|Any CPU
	EndGlobalSection
	GlobalSection(ProjectConfigurationPlatforms) = postSolution
		{E1C01BB3-8D2E-4024-9051-DC9E36603D01}.Debug|Any CPU.ActiveCfg = Debug|Any CPU
		{E1C01BB3-8D2E-4024-9051-DC9E36603D01}.Debug|Any CPU.Build.0 = Debug|Any CPU
		{E1C01BB3-8D2E-4024-9051-DC9E36603D01}.Release|Any CPU.ActiveCfg = Release|Any CPU
		{E1C01BB3-8D2E-4024-9051-DC9E36603D01}.Release|Any CPU.Build.0 = Release|Any CPU
		{03AC833E-54DF-4B38-B871-CE13B8C981C1}.Debug|Any CPU.ActiveCfg = Debug|Any CPU
		{03AC833E-54DF-4B38-B871-CE13B8C981C1}.Debug|Any CPU.Build.0 = Debug|Any CPU
		{03AC833E-54DF-4B38-B871-CE13B8C981C1}.Release|Any CPU.ActiveCfg = Release|Any CPU
		{03AC833E-54DF-4B38-B871-CE13B8C981C1}.Release|Any CPU.Build.0 = Release|Any CPU
	EndGlobalSection
	GlobalSection(SolutionProperties) = preSolution
		HideSolutionNode = FALSE
	EndGlobalSection
	GlobalSection(ExtensibilityGlobals) = postSolution
		SolutionGuid = {5964B395-6A6A-430F-95D4-FEF91739AC68}
	EndGlobalSection
EndGlobal
